
Microsoft Visual Studio Solution File, Format Version 12.00
# Visual Studio Version 17
VisualStudioVersion = 17.4.33213.308
MinimumVisualStudioVersion = 10.0.40219.1
Project("{9A19103F-16F7-4668-BE54-9A1E7A4F7556}") = "CatalogService", "CatalogService\CatalogService.csproj", "{CE0550C1-E2AC-4686-BD56-139AE6FEEFD2}"
EndProject
Project("{9A19103F-16F7-4668-BE54-9A1E7A4F7556}") = "APIGateway", "APIGateway\APIGateway.csproj", "{FC2BBBDC-5180-4B17-9673-DFCF1989E974}"
EndProject
Project("{FAE04EC0-301F-11D3-BF4B-00C04F79EFBC}") = "AuthSevice", "AuthSevice\AuthSevice.csproj", "{566178C1-72AC-4AED-B893-6984FA8B5008}"
EndProject
Global
	GlobalSection(SolutionConfigurationPlatforms) = preSolution
		Debug|Any CPU = Debug|Any CPU
		Release|Any CPU = Release|Any CPU
	EndGlobalSection
	GlobalSection(ProjectConfigurationPlatforms) = postSolution
		{CE0550C1-E2AC-4686-BD56-139AE6FEEFD2}.Debug|Any CPU.ActiveCfg = Debug|Any CPU
		{CE0550C1-E2AC-4686-BD56-139AE6FEEFD2}.Debug|Any CPU.Build.0 = Debug|Any CPU
		{CE0550C1-E2AC-4686-BD56-139AE6FEEFD2}.Release|Any CPU.ActiveCfg = Release|Any CPU
		{CE0550C1-E2AC-4686-BD56-139AE6FEEFD2}.Release|Any CPU.Build.0 = Release|Any CPU
		{FC2BBBDC-5180-4B17-9673-DFCF1989E974}.Debug|Any CPU.ActiveCfg = Debug|Any CPU
		{FC2BBBDC-5180-4B17-9673-DFCF1989E974}.Debug|Any CPU.Build.0 = Debug|Any CPU
		{FC2BBBDC-5180-4B17-9673-DFCF1989E974}.Release|Any CPU.ActiveCfg = Release|Any CPU
		{FC2BBBDC-5180-4B17-9673-DFCF1989E974}.Release|Any CPU.Build.0 = Release|Any CPU
		{566178C1-72AC-4AED-B893-6984FA8B5008}.Debug|Any CPU.ActiveCfg = Debug|Any CPU
		{566178C1-72AC-4AED-B893-6984FA8B5008}.Debug|Any CPU.Build.0 = Debug|Any CPU
		{566178C1-72AC-4AED-B893-6984FA8B5008}.Release|Any CPU.ActiveCfg = Release|Any CPU
		{566178C1-72AC-4AED-B893-6984FA8B5008}.Release|Any CPU.Build.0 = Release|Any CPU
	EndGlobalSection
	GlobalSection(SolutionProperties) = preSolution
		HideSolutionNode = FALSE
	EndGlobalSection
	GlobalSection(ExtensibilityGlobals) = postSolution
		SolutionGuid = {0B484458-AACA-40A4-80A8-12C5D6B6D093}
	EndGlobalSection
EndGlobal
